
Microsoft Visual Studio Solution File, Format Version 12.00
# Visual Studio Version 17
VisualStudioVersion = 17.0.31903.59
MinimumVisualStudioVersion = 10.0.40219.1
Project("{2150E333-8FDC-42A3-9474-1A3956D46DE8}") = "src", "src", "{7AA3EDF8-8C79-4A21-A313-34F7913AE029}"
EndProject
Project("{9A19103F-16F7-4668-BE54-9A1E7A4F7556}") = "Lab1", "src\Lab1\Lab1.csproj", "{C44ABB91-E2F2-4BA7-9CEA-77421853A4C6}"
EndProject
Project("{9A19103F-16F7-4668-BE54-9A1E7A4F7556}") = "Lab2", "src\Lab2\Lab2.csproj", "{30D9F3B3-F404-4946-B211-3626E38387CB}"
EndProject
Project("{9A19103F-16F7-4668-BE54-9A1E7A4F7556}") = "Lab3", "src\Lab3\Lab3.csproj", "{1F254EDA-850E-42B1-BC91-49068427D503}"
EndProject
Project("{9A19103F-16F7-4668-BE54-9A1E7A4F7556}") = "Lab4", "src\Lab4\Lab4.csproj", "{3482F150-C48E-4853-89BE-A7BB5D1EB271}"
EndProject
Project("{9A19103F-16F7-4668-BE54-9A1E7A4F7556}") = "Lab5", "src\Lab5\Lab5.csproj", "{444BED45-DF26-4FCE-B1DE-00DBFDFE0EAE}"
EndProject
Project("{9A19103F-16F7-4668-BE54-9A1E7A4F7556}") = "Lab6", "src\Lab6\Lab6.csproj", "{58DE76EF-99E5-4CD6-9A22-3C43FC6427F4}"
EndProject
Project("{2150E333-8FDC-42A3-9474-1A3956D46DE8}") = "Lab7", "Lab7", "{024A60AE-D42F-487C-A6F6-4A6D5100D8EE}"
EndProject
Project("{9A19103F-16F7-4668-BE54-9A1E7A4F7556}") = "Lab7_Console", "src\Lab7\Lab7_Console\Lab7_Console.csproj", "{DAA1C328-0019-43EF-8517-FEB3E6E27E29}"
EndProject
Project("{9A19103F-16F7-4668-BE54-9A1E7A4F7556}") = "Lab7_WPF", "src\Lab7\Lab7_WPF\Lab7_WPF.csproj", "{7B48B1C8-1C0B-43A6-9E5E-7F40E7614CF3}"
EndProject
Project("{2150E333-8FDC-42A3-9474-1A3956D46DE8}") = "Lab9", "Lab9", "{8D0C905B-F165-47E6-B9D1-AD2B680EA88D}"
EndProject
Project("{2150E333-8FDC-42A3-9474-1A3956D46DE8}") = "Backend", "Backend", "{C0B7BC38-0CFE-4DFF-9F0A-CA3B8E824776}"
EndProject
Project("{9A19103F-16F7-4668-BE54-9A1E7A4F7556}") = "Application", "src\Lab9\Backend\Application\Application.csproj", "{61D164BD-E2F6-4228-8915-1617407BD532}"
EndProject
Project("{9A19103F-16F7-4668-BE54-9A1E7A4F7556}") = "Domain", "src\Lab9\Backend\Domain\Domain.csproj", "{CCB18EA9-3A8E-4281-B4FC-386669E58A68}"
EndProject
Project("{9A19103F-16F7-4668-BE54-9A1E7A4F7556}") = "Infrastructure", "src\Lab9\Backend\Infrastructure\Infrastructure.csproj", "{3D3BAC0D-4B7E-48A0-B77E-6DEE43637DAC}"
EndProject
Project("{9A19103F-16F7-4668-BE54-9A1E7A4F7556}") = "Presentation", "src\Lab9\Backend\Presentation\Presentation.csproj", "{168C15A3-B5F3-4FD7-BE94-34B8ED84248B}"
EndProject
Project("{2150E333-8FDC-42A3-9474-1A3956D46DE8}") = "Tests", "Tests", "{082C8004-A2D9-4E23-87FF-A519016464F2}"
EndProject
Project("{9A19103F-16F7-4668-BE54-9A1E7A4F7556}") = "BackTests", "src\Lab9\Tests\BackTests\BackTests.csproj", "{7A51121B-3A43-45FF-8432-5B5B6AEA73F8}"
EndProject
Project("{E53339B2-1760-4266-BCC7-CA923CBCF16C}") = "docker-compose", "docker-compose.dcproj", "{042E59E1-8EEC-4CEB-85B4-23B72BC46892}"
EndProject
Global
	GlobalSection(SolutionConfigurationPlatforms) = preSolution
		Debug|Any CPU = Debug|Any CPU
		Release|Any CPU = Release|Any CPU
	EndGlobalSection
	GlobalSection(ProjectConfigurationPlatforms) = postSolution
		{C44ABB91-E2F2-4BA7-9CEA-77421853A4C6}.Debug|Any CPU.ActiveCfg = Debug|Any CPU
		{C44ABB91-E2F2-4BA7-9CEA-77421853A4C6}.Debug|Any CPU.Build.0 = Debug|Any CPU
		{C44ABB91-E2F2-4BA7-9CEA-77421853A4C6}.Release|Any CPU.ActiveCfg = Release|Any CPU
		{C44ABB91-E2F2-4BA7-9CEA-77421853A4C6}.Release|Any CPU.Build.0 = Release|Any CPU
		{30D9F3B3-F404-4946-B211-3626E38387CB}.Debug|Any CPU.ActiveCfg = Debug|Any CPU
		{30D9F3B3-F404-4946-B211-3626E38387CB}.Debug|Any CPU.Build.0 = Debug|Any CPU
		{30D9F3B3-F404-4946-B211-3626E38387CB}.Release|Any CPU.ActiveCfg = Release|Any CPU
		{30D9F3B3-F404-4946-B211-3626E38387CB}.Release|Any CPU.Build.0 = Release|Any CPU
		{1F254EDA-850E-42B1-BC91-49068427D503}.Debug|Any CPU.ActiveCfg = Debug|Any CPU
		{1F254EDA-850E-42B1-BC91-49068427D503}.Debug|Any CPU.Build.0 = Debug|Any CPU
		{1F254EDA-850E-42B1-BC91-49068427D503}.Release|Any CPU.ActiveCfg = Release|Any CPU
		{1F254EDA-850E-42B1-BC91-49068427D503}.Release|Any CPU.Build.0 = Release|Any CPU
		{3482F150-C48E-4853-89BE-A7BB5D1EB271}.Debug|Any CPU.ActiveCfg = Debug|Any CPU
		{3482F150-C48E-4853-89BE-A7BB5D1EB271}.Debug|Any CPU.Build.0 = Debug|Any CPU
		{3482F150-C48E-4853-89BE-A7BB5D1EB271}.Release|Any CPU.ActiveCfg = Release|Any CPU
		{3482F150-C48E-4853-89BE-A7BB5D1EB271}.Release|Any CPU.Build.0 = Release|Any CPU
		{444BED45-DF26-4FCE-B1DE-00DBFDFE0EAE}.Debug|Any CPU.ActiveCfg = Debug|Any CPU
		{444BED45-DF26-4FCE-B1DE-00DBFDFE0EAE}.Debug|Any CPU.Build.0 = Debug|Any CPU
		{444BED45-DF26-4FCE-B1DE-00DBFDFE0EAE}.Release|Any CPU.ActiveCfg = Release|Any CPU
		{444BED45-DF26-4FCE-B1DE-00DBFDFE0EAE}.Release|Any CPU.Build.0 = Release|Any CPU
		{58DE76EF-99E5-4CD6-9A22-3C43FC6427F4}.Debug|Any CPU.ActiveCfg = Debug|Any CPU
		{58DE76EF-99E5-4CD6-9A22-3C43FC6427F4}.Debug|Any CPU.Build.0 = Debug|Any CPU
		{58DE76EF-99E5-4CD6-9A22-3C43FC6427F4}.Release|Any CPU.ActiveCfg = Release|Any CPU
		{58DE76EF-99E5-4CD6-9A22-3C43FC6427F4}.Release|Any CPU.Build.0 = Release|Any CPU
		{DAA1C328-0019-43EF-8517-FEB3E6E27E29}.Debug|Any CPU.ActiveCfg = Debug|Any CPU
		{DAA1C328-0019-43EF-8517-FEB3E6E27E29}.Debug|Any CPU.Build.0 = Debug|Any CPU
		{DAA1C328-0019-43EF-8517-FEB3E6E27E29}.Release|Any CPU.ActiveCfg = Release|Any CPU
		{DAA1C328-0019-43EF-8517-FEB3E6E27E29}.Release|Any CPU.Build.0 = Release|Any CPU
		{7B48B1C8-1C0B-43A6-9E5E-7F40E7614CF3}.Debug|Any CPU.ActiveCfg = Debug|Any CPU
		{7B48B1C8-1C0B-43A6-9E5E-7F40E7614CF3}.Debug|Any CPU.Build.0 = Debug|Any CPU
		{7B48B1C8-1C0B-43A6-9E5E-7F40E7614CF3}.Release|Any CPU.ActiveCfg = Release|Any CPU
		{7B48B1C8-1C0B-43A6-9E5E-7F40E7614CF3}.Release|Any CPU.Build.0 = Release|Any CPU
		{61D164BD-E2F6-4228-8915-1617407BD532}.Debug|Any CPU.ActiveCfg = Debug|Any CPU
		{61D164BD-E2F6-4228-8915-1617407BD532}.Debug|Any CPU.Build.0 = Debug|Any CPU
		{61D164BD-E2F6-4228-8915-1617407BD532}.Release|Any CPU.ActiveCfg = Release|Any CPU
		{61D164BD-E2F6-4228-8915-1617407BD532}.Release|Any CPU.Build.0 = Release|Any CPU
		{CCB18EA9-3A8E-4281-B4FC-386669E58A68}.Debug|Any CPU.ActiveCfg = Debug|Any CPU
		{CCB18EA9-3A8E-4281-B4FC-386669E58A68}.Debug|Any CPU.Build.0 = Debug|Any CPU
		{CCB18EA9-3A8E-4281-B4FC-386669E58A68}.Release|Any CPU.ActiveCfg = Release|Any CPU
		{CCB18EA9-3A8E-4281-B4FC-386669E58A68}.Release|Any CPU.Build.0 = Release|Any CPU
		{3D3BAC0D-4B7E-48A0-B77E-6DEE43637DAC}.Debug|Any CPU.ActiveCfg = Debug|Any CPU
		{3D3BAC0D-4B7E-48A0-B77E-6DEE43637DAC}.Debug|Any CPU.Build.0 = Debug|Any CPU
		{3D3BAC0D-4B7E-48A0-B77E-6DEE43637DAC}.Release|Any CPU.ActiveCfg = Release|Any CPU
		{3D3BAC0D-4B7E-48A0-B77E-6DEE43637DAC}.Release|Any CPU.Build.0 = Release|Any CPU
		{168C15A3-B5F3-4FD7-BE94-34B8ED84248B}.Debug|Any CPU.ActiveCfg = Debug|Any CPU
		{168C15A3-B5F3-4FD7-BE94-34B8ED84248B}.Debug|Any CPU.Build.0 = Debug|Any CPU
		{168C15A3-B5F3-4FD7-BE94-34B8ED84248B}.Release|Any CPU.ActiveCfg = Release|Any CPU
		{168C15A3-B5F3-4FD7-BE94-34B8ED84248B}.Release|Any CPU.Build.0 = Release|Any CPU
		{7A51121B-3A43-45FF-8432-5B5B6AEA73F8}.Debug|Any CPU.ActiveCfg = Debug|Any CPU
		{7A51121B-3A43-45FF-8432-5B5B6AEA73F8}.Debug|Any CPU.Build.0 = Debug|Any CPU
		{7A51121B-3A43-45FF-8432-5B5B6AEA73F8}.Release|Any CPU.ActiveCfg = Release|Any CPU
		{7A51121B-3A43-45FF-8432-5B5B6AEA73F8}.Release|Any CPU.Build.0 = Release|Any CPU
		{042E59E1-8EEC-4CEB-85B4-23B72BC46892}.Debug|Any CPU.ActiveCfg = Debug|Any CPU
		{042E59E1-8EEC-4CEB-85B4-23B72BC46892}.Debug|Any CPU.Build.0 = Debug|Any CPU
		{042E59E1-8EEC-4CEB-85B4-23B72BC46892}.Release|Any CPU.ActiveCfg = Release|Any CPU
		{042E59E1-8EEC-4CEB-85B4-23B72BC46892}.Release|Any CPU.Build.0 = Release|Any CPU
	EndGlobalSection
	GlobalSection(SolutionProperties) = preSolution
		HideSolutionNode = FALSE
	EndGlobalSection
	GlobalSection(NestedProjects) = preSolution
		{C44ABB91-E2F2-4BA7-9CEA-77421853A4C6} = {7AA3EDF8-8C79-4A21-A313-34F7913AE029}
		{30D9F3B3-F404-4946-B211-3626E38387CB} = {7AA3EDF8-8C79-4A21-A313-34F7913AE029}
		{1F254EDA-850E-42B1-BC91-49068427D503} = {7AA3EDF8-8C79-4A21-A313-34F7913AE029}
		{3482F150-C48E-4853-89BE-A7BB5D1EB271} = {7AA3EDF8-8C79-4A21-A313-34F7913AE029}
		{444BED45-DF26-4FCE-B1DE-00DBFDFE0EAE} = {7AA3EDF8-8C79-4A21-A313-34F7913AE029}
		{58DE76EF-99E5-4CD6-9A22-3C43FC6427F4} = {7AA3EDF8-8C79-4A21-A313-34F7913AE029}
		{024A60AE-D42F-487C-A6F6-4A6D5100D8EE} = {7AA3EDF8-8C79-4A21-A313-34F7913AE029}
		{DAA1C328-0019-43EF-8517-FEB3E6E27E29} = {024A60AE-D42F-487C-A6F6-4A6D5100D8EE}
		{7B48B1C8-1C0B-43A6-9E5E-7F40E7614CF3} = {024A60AE-D42F-487C-A6F6-4A6D5100D8EE}
		{8D0C905B-F165-47E6-B9D1-AD2B680EA88D} = {7AA3EDF8-8C79-4A21-A313-34F7913AE029}
		{C0B7BC38-0CFE-4DFF-9F0A-CA3B8E824776} = {8D0C905B-F165-47E6-B9D1-AD2B680EA88D}
		{61D164BD-E2F6-4228-8915-1617407BD532} = {C0B7BC38-0CFE-4DFF-9F0A-CA3B8E824776}
		{CCB18EA9-3A8E-4281-B4FC-386669E58A68} = {C0B7BC38-0CFE-4DFF-9F0A-CA3B8E824776}
		{3D3BAC0D-4B7E-48A0-B77E-6DEE43637DAC} = {C0B7BC38-0CFE-4DFF-9F0A-CA3B8E824776}
		{168C15A3-B5F3-4FD7-BE94-34B8ED84248B} = {C0B7BC38-0CFE-4DFF-9F0A-CA3B8E824776}
		{082C8004-A2D9-4E23-87FF-A519016464F2} = {8D0C905B-F165-47E6-B9D1-AD2B680EA88D}
		{7A51121B-3A43-45FF-8432-5B5B6AEA73F8} = {082C8004-A2D9-4E23-87FF-A519016464F2}
	EndGlobalSection
	GlobalSection(ExtensibilityGlobals) = postSolution
		SolutionGuid = {46A78098-2E45-4E4E-B1B7-8D2F546C47C3}
	EndGlobalSection
EndGlobal
