
Microsoft Visual Studio Solution File, Format Version 12.00
# Visual Studio Version 17
VisualStudioVersion = 17.0.31903.59
MinimumVisualStudioVersion = 10.0.40219.1
Project("{2150E333-8FDC-42A3-9474-1A3956D46DE8}") = "src", "src", "{7AA3EDF8-8C79-4A21-A313-34F7913AE029}"
EndProject
Project("{FAE04EC0-301F-11D3-BF4B-00C04F79EFBC}") = "Lab2", "src\Lab2\Lab2.csproj", "{30D9F3B3-F404-4946-B211-3626E38387CB}"
EndProject
Global
	GlobalSection(SolutionConfigurationPlatforms) = preSolution
		Debug|Any CPU = Debug|Any CPU
		Release|Any CPU = Release|Any CPU
	EndGlobalSection
	GlobalSection(SolutionProperties) = preSolution
		HideSolutionNode = FALSE
	EndGlobalSection
	GlobalSection(ProjectConfigurationPlatforms) = postSolution
		{30D9F3B3-F404-4946-B211-3626E38387CB}.Debug|Any CPU.ActiveCfg = Debug|Any CPU
		{30D9F3B3-F404-4946-B211-3626E38387CB}.Debug|Any CPU.Build.0 = Debug|Any CPU
		{30D9F3B3-F404-4946-B211-3626E38387CB}.Release|Any CPU.ActiveCfg = Release|Any CPU
		{30D9F3B3-F404-4946-B211-3626E38387CB}.Release|Any CPU.Build.0 = Release|Any CPU
	EndGlobalSection
	GlobalSection(NestedProjects) = preSolution
		{30D9F3B3-F404-4946-B211-3626E38387CB} = {7AA3EDF8-8C79-4A21-A313-34F7913AE029}
	EndGlobalSection
EndGlobal
